
Microsoft Visual Studio Solution File, Format Version 12.00
# Visual Studio 14
VisualStudioVersion = 14.0.25420.1
MinimumVisualStudioVersion = 10.0.40219.1
Project("{8BC9CEB8-8B4A-11D0-8D11-00A0C91BC942}") = "2DXngine", "2DXngine\2DXngine.vcxproj", "{FA09EF66-E40A-45B1-8D1F-E640CB95C184}"
EndProject
Project("{8BC9CEB8-8B4A-11D0-8D11-00A0C91BC942}") = "2DXngine.Core", "2DXngine.Core\2DXngine.Core.vcxproj", "{62278505-2A49-40A1-89DF-867A011E0876}"
EndProject
Global
	GlobalSection(SolutionConfigurationPlatforms) = preSolution
		Debug|x64 = Debug|x64
		Debug|x86 = Debug|x86
		Release|x64 = Release|x64
		Release|x86 = Release|x86
	EndGlobalSection
	GlobalSection(ProjectConfigurationPlatforms) = postSolution
		{FA09EF66-E40A-45B1-8D1F-E640CB95C184}.Debug|x64.ActiveCfg = Debug|x64
		{FA09EF66-E40A-45B1-8D1F-E640CB95C184}.Debug|x64.Build.0 = Debug|x64
		{FA09EF66-E40A-45B1-8D1F-E640CB95C184}.Debug|x86.ActiveCfg = Debug|Win32
		{FA09EF66-E40A-45B1-8D1F-E640CB95C184}.Debug|x86.Build.0 = Debug|Win32
		{FA09EF66-E40A-45B1-8D1F-E640CB95C184}.Release|x64.ActiveCfg = Release|x64
		{FA09EF66-E40A-45B1-8D1F-E640CB95C184}.Release|x64.Build.0 = Release|x64
		{FA09EF66-E40A-45B1-8D1F-E640CB95C184}.Release|x86.ActiveCfg = Release|Win32
		{FA09EF66-E40A-45B1-8D1F-E640CB95C184}.Release|x86.Build.0 = Release|Win32
		{62278505-2A49-40A1-89DF-867A011E0876}.Debug|x64.ActiveCfg = Debug|x64
		{62278505-2A49-40A1-89DF-867A011E0876}.Debug|x64.Build.0 = Debug|x64
		{62278505-2A49-40A1-89DF-867A011E0876}.Debug|x86.ActiveCfg = Debug|Win32
		{62278505-2A49-40A1-89DF-867A011E0876}.Debug|x86.Build.0 = Debug|Win32
		{62278505-2A49-40A1-89DF-867A011E0876}.Release|x64.ActiveCfg = Release|x64
		{62278505-2A49-40A1-89DF-867A011E0876}.Release|x64.Build.0 = Release|x64
		{62278505-2A49-40A1-89DF-867A011E0876}.Release|x86.ActiveCfg = Release|Win32
		{62278505-2A49-40A1-89DF-867A011E0876}.Release|x86.Build.0 = Release|Win32
	EndGlobalSection
	GlobalSection(SolutionProperties) = preSolution
		HideSolutionNode = FALSE
	EndGlobalSection
EndGlobal
