<?xml version="1.0" encoding="utf-8"?>
<Project ToolsVersion="4.0" xmlns="http://schemas.microsoft.com/developer/msbuild/2003">
  <ItemGroup>
    <Filter Include="ComponentModel">
      <UniqueIdentifier>{f6bb39c8-f26b-42b7-9366-b2d6d9d891c7}</UniqueIdentifier>
    </Filter>
    <Filter Include="AppImplementations">
      <UniqueIdentifier>{3e26cc7b-b054-48bb-9e0c-5bc30ebdd84a}</UniqueIdentifier>
    </Filter>
    <Filter Include="Utils">
      <UniqueIdentifier>{8543d60f-f179-49ff-b1a2-56bc88b16c48}</UniqueIdentifier>
    </Filter>
    <Filter Include="Services">
      <UniqueIdentifier>{90ef8b2c-5f9c-4623-ba25-f7940465c1d5}</UniqueIdentifier>
    </Filter>
    <Filter Include="TypeInformation">
      <UniqueIdentifier>{62b58194-cdb6-4b39-8bd9-032e822385e6}</UniqueIdentifier>
    </Filter>
    <Filter Include="Graphics">
      <UniqueIdentifier>{09fbc4de-4ee6-4e1f-b127-8b08057e1ae6}</UniqueIdentifier>
    </Filter>
    <Filter Include="Scenes">
      <UniqueIdentifier>{93d97387-e984-442e-afe3-5bfa31c53ed3}</UniqueIdentifier>
    </Filter>
    <Filter Include="Utils\Events">
      <UniqueIdentifier>{2a005ed5-4b17-4826-b003-c92c6ec79402}</UniqueIdentifier>
    </Filter>
  </ItemGroup>
  <ItemGroup>
    <ClInclude Include="src\ComponentModel\GameObject.h">
      <Filter>ComponentModel</Filter>
    </ClInclude>
    <ClInclude Include="src\AppImplementations\App.h">
      <Filter>AppImplementations</Filter>
    </ClInclude>
    <ClInclude Include="src\AppImplementations\WindowApp.h">
      <Filter>AppImplementations</Filter>
    </ClInclude>
    <ClInclude Include="src\Utils\Timer.h">
      <Filter>Utils</Filter>
    </ClInclude>
    <ClInclude Include="src\Utils\GameHandler.h">
      <Filter>Utils</Filter>
    </ClInclude>
    <ClInclude Include="src\Services\ServiceLocator.h">
      <Filter>Services</Filter>
    </ClInclude>
    <ClInclude Include="src\Services\Service.h">
      <Filter>Services</Filter>
    </ClInclude>
    <ClInclude Include="src\ComponentModel\Component.h">
      <Filter>ComponentModel</Filter>
    </ClInclude>
    <ClInclude Include="src\ComponentModel\GameObjectManager.h">
      <Filter>ComponentModel</Filter>
    </ClInclude>
    <ClInclude Include="src\TypeInformation\TypeCache.h">
      <Filter>TypeInformation</Filter>
    </ClInclude>
    <ClInclude Include="src\TypeInformation\TypeIdHelper.h">
      <Filter>TypeInformation</Filter>
    </ClInclude>
    <ClInclude Include="src\TypeInformation\TypeInfo.h">
      <Filter>TypeInformation</Filter>
    </ClInclude>
    <ClInclude Include="src\TypeInformation\BaseTypesDefinitions.h">
      <Filter>TypeInformation</Filter>
    </ClInclude>
    <ClInclude Include="src\TypeInformation\TypeMetaInfo.h">
      <Filter>TypeInformation</Filter>
    </ClInclude>
    <ClInclude Include="src\ComponentModel\UpdateableComponent.h">
      <Filter>ComponentModel</Filter>
    </ClInclude>
    <ClInclude Include="src\Graphics\Renderer.h">
      <Filter>Graphics</Filter>
    </ClInclude>
    <ClInclude Include="src\ComponentModel\DrawableComponent.h">
      <Filter>ComponentModel</Filter>
    </ClInclude>
    <ClInclude Include="src\Scenes\Scene.h">
      <Filter>Scenes</Filter>
    </ClInclude>
    <ClInclude Include="src\Scenes\SceneManager.h">
      <Filter>Scenes</Filter>
    </ClInclude>
    <ClInclude Include="src\ComponentModel\GameObjectFilterFunctions.h">
      <Filter>ComponentModel</Filter>
    </ClInclude>
    <ClInclude Include="src\Utils\Events\EventHandler.h">
      <Filter>Utils\Events</Filter>
    </ClInclude>
    <ClInclude Include="src\Utils\Events\EventArgs.h">
      <Filter>Utils\Events</Filter>
    </ClInclude>
  </ItemGroup>
  <ItemGroup>
    <ClCompile Include="src\ComponentModel\GameObject.cpp">
      <Filter>ComponentModel</Filter>
    </ClCompile>
    <ClCompile Include="src\AppImplementations\App.cpp">
      <Filter>AppImplementations</Filter>
    </ClCompile>
    <ClCompile Include="src\AppImplementations\WindowApp.cpp">
      <Filter>AppImplementations</Filter>
    </ClCompile>
    <ClCompile Include="src\Utils\Timer.cpp">
      <Filter>Utils</Filter>
    </ClCompile>
    <ClCompile Include="src\Utils\GameHandler.cpp">
      <Filter>Utils</Filter>
    </ClCompile>
    <ClCompile Include="src\Services\ServiceLocator.cpp">
      <Filter>Services</Filter>
    </ClCompile>
    <ClCompile Include="src\Services\Service.cpp">
      <Filter>Services</Filter>
    </ClCompile>
    <ClCompile Include="src\ComponentModel\Component.cpp">
      <Filter>ComponentModel</Filter>
    </ClCompile>
    <ClCompile Include="src\ComponentModel\GameObjectManager.cpp">
      <Filter>ComponentModel</Filter>
    </ClCompile>
    <ClCompile Include="src\TypeInformation\TypeCache.cpp">
      <Filter>TypeInformation</Filter>
    </ClCompile>
    <ClCompile Include="src\TypeInformation\TypeInfo.cpp">
      <Filter>TypeInformation</Filter>
    </ClCompile>
    <ClCompile Include="src\TypeInformation\BaseTypesDeclarations.cpp">
      <Filter>TypeInformation</Filter>
    </ClCompile>
    <ClCompile Include="src\ComponentModel\UpdateableComponent.cpp">
      <Filter>ComponentModel</Filter>
    </ClCompile>
    <ClCompile Include="src\Graphics\Renderer.cpp">
      <Filter>Graphics</Filter>
    </ClCompile>
    <ClCompile Include="src\ComponentModel\DrawableComponent.cpp">
      <Filter>ComponentModel</Filter>
    </ClCompile>
    <ClCompile Include="src\Scenes\Scene.cpp">
      <Filter>Scenes</Filter>
    </ClCompile>
    <ClCompile Include="src\Scenes\SceneManager.cpp">
      <Filter>Scenes</Filter>
    </ClCompile>
    <ClCompile Include="src\Utils\Events\EventHandler.cpp">
      <Filter>Utils\Events</Filter>
    </ClCompile>
  </ItemGroup>
</Project>