<?xml version="1.0" encoding="utf-8"?>
<Project ToolsVersion="4.0" xmlns="http://schemas.microsoft.com/developer/msbuild/2003">
  <ItemGroup>
    <Filter Include="ComponentModel">
      <UniqueIdentifier>{f6bb39c8-f26b-42b7-9366-b2d6d9d891c7}</UniqueIdentifier>
    </Filter>
    <Filter Include="AppImplementations">
      <UniqueIdentifier>{3e26cc7b-b054-48bb-9e0c-5bc30ebdd84a}</UniqueIdentifier>
    </Filter>
    <Filter Include="Utils">
      <UniqueIdentifier>{8543d60f-f179-49ff-b1a2-56bc88b16c48}</UniqueIdentifier>
    </Filter>
    <Filter Include="Services">
      <UniqueIdentifier>{90ef8b2c-5f9c-4623-ba25-f7940465c1d5}</UniqueIdentifier>
    </Filter>
    <Filter Include="TypeInformation">
      <UniqueIdentifier>{62b58194-cdb6-4b39-8bd9-032e822385e6}</UniqueIdentifier>
    </Filter>
    <Filter Include="Graphics">
      <UniqueIdentifier>{09fbc4de-4ee6-4e1f-b127-8b08057e1ae6}</UniqueIdentifier>
    </Filter>
    <Filter Include="Scenes">
      <UniqueIdentifier>{93d97387-e984-442e-afe3-5bfa31c53ed3}</UniqueIdentifier>
    </Filter>
    <Filter Include="Utils\Events">
      <UniqueIdentifier>{2a005ed5-4b17-4826-b003-c92c6ec79402}</UniqueIdentifier>
    </Filter>
    <Filter Include="ContentManagement">
      <UniqueIdentifier>{f25a9849-611f-4073-ab80-1d826eada208}</UniqueIdentifier>
    </Filter>
    <Filter Include="ContentManagement\DefaultAssets">
      <UniqueIdentifier>{8195b17b-535c-439b-a05f-e750a150808c}</UniqueIdentifier>
    </Filter>
    <Filter Include="Utils\ThirdParty">
      <UniqueIdentifier>{8d42b9b8-2c53-4a31-b669-04112e3100d8}</UniqueIdentifier>
    </Filter>
    <Filter Include="Utils\ThirdParty\Ini">
      <UniqueIdentifier>{c3b0475f-52d3-4819-9302-48a58c8e81e8}</UniqueIdentifier>
    </Filter>
    <Filter Include="AppImplementations\SDLEvents">
      <UniqueIdentifier>{8df4674f-831b-46a1-9a77-1ea6b4633c44}</UniqueIdentifier>
    </Filter>
    <Filter Include="AppImplementations\SDLEvents\Mappers">
      <UniqueIdentifier>{b829d1ae-ce46-4036-a99f-18bef45d999d}</UniqueIdentifier>
    </Filter>
    <Filter Include="Input">
      <UniqueIdentifier>{b935c125-1bb3-4934-8385-59398448ef0a}</UniqueIdentifier>
    </Filter>
    <Filter Include="Audio">
      <UniqueIdentifier>{986954f0-6067-4fe7-a9ef-1c7ea48c498b}</UniqueIdentifier>
    </Filter>
    <Filter Include="Utils\Math">
      <UniqueIdentifier>{69c7298e-3a8b-4a82-b33d-8f3f36659fba}</UniqueIdentifier>
    </Filter>
    <Filter Include="Utils\Macros">
      <UniqueIdentifier>{e598848e-3a26-4fc4-aca8-9136c22a45c2}</UniqueIdentifier>
    </Filter>
    <Filter Include="Components">
      <UniqueIdentifier>{b45ed96b-9265-4a83-921d-b439fd60de05}</UniqueIdentifier>
    </Filter>
    <Filter Include="Components\Graphics">
      <UniqueIdentifier>{8094b7f8-6f3e-49dd-9ef4-95cd82f3fc15}</UniqueIdentifier>
    </Filter>
    <Filter Include="Utils\Errors">
      <UniqueIdentifier>{96eba5c8-c413-4866-944e-30dac3ab8525}</UniqueIdentifier>
    </Filter>
    <Filter Include="Config">
      <UniqueIdentifier>{edda4e0f-519c-4b47-ae1c-9beb6445e315}</UniqueIdentifier>
    </Filter>
  </ItemGroup>
  <ItemGroup>
    <Text Include="ReadMe.txt" />
  </ItemGroup>
  <ItemGroup>
    <ClCompile Include="src\AppImplementations\SDLEvents\Mappers\KeyboardEventMapper.cpp" />
    <ClCompile Include="src\AppImplementations\SDLEvents\Mappers\MouseEventsMapper.cpp" />
    <ClCompile Include="src\AppImplementations\SDLEvents\Mappers\WindowEventsMapper.cpp" />
    <ClCompile Include="src\AppImplementations\SDLEvents\SDLEventMapper.cpp" />
    <ClCompile Include="src\AppImplementations\SDLEvents\SDLEventsMapperService.cpp" />
    <ClCompile Include="src\AppImplementations\App.cpp" />
    <ClCompile Include="src\AppImplementations\WindowApp.cpp" />
    <ClCompile Include="src\Audio\MusicService.cpp" />
    <ClCompile Include="src\Audio\SoundService.cpp" />
    <ClCompile Include="src\ComponentModel\Component.cpp" />
    <ClCompile Include="src\ComponentModel\DrawableComponent.cpp" />
    <ClCompile Include="src\ComponentModel\GameObject.cpp" />
    <ClCompile Include="src\ComponentModel\GameObjectManager.cpp" />
    <ClCompile Include="src\ComponentModel\UpdateableComponent.cpp" />
    <ClCompile Include="src\Components\Graphics\Transform.cpp" />
    <ClCompile Include="src\Config\ActionsConfig.cpp" />
    <ClCompile Include="src\Config\AudioConfig.cpp" />
    <ClCompile Include="src\Config\ConfigSection.cpp" />
    <ClCompile Include="src\Config\ConfigurationService.cpp" />
    <ClCompile Include="src\Config\GraphicConfig.cpp" />
    <ClCompile Include="src\Config\LanguageConfig.cpp" />
    <ClCompile Include="src\ContentManagement\DefaultAssets\Bitmap.cpp" />
    <ClCompile Include="src\ContentManagement\DefaultAssets\Mp3Sound.cpp" />
    <ClCompile Include="src\ContentManagement\DefaultAssets\OggSound.cpp" />
    <ClCompile Include="src\ContentManagement\DefaultAssets\Shader.cpp" />
    <ClCompile Include="src\ContentManagement\DefaultAssets\ShaderProgram.cpp" />
    <ClCompile Include="src\ContentManagement\DefaultAssets\Texture.cpp" />
    <ClCompile Include="src\ContentManagement\DefaultAssets\TTFont.cpp" />
    <ClCompile Include="src\ContentManagement\DefaultAssets\WavSound.cpp" />
    <ClCompile Include="src\ContentManagement\Asset.cpp" />
    <ClCompile Include="src\ContentManagement\AssetPath.cpp" />
    <ClCompile Include="src\ContentManagement\AssetTypes.cpp" />
    <ClCompile Include="src\ContentManagement\ContentManagerService.cpp" />
    <ClCompile Include="src\Graphics\Camera.cpp" />
    <ClCompile Include="src\Graphics\Renderer.cpp" />
    <ClCompile Include="src\Graphics\RenderTarget.cpp" />
    <ClCompile Include="src\Graphics\SamplerState.cpp" />
    <ClCompile Include="src\Graphics\SpriteBatch.cpp" />
    <ClCompile Include="src\Input\InputService.cpp" />
    <ClCompile Include="src\Input\KeyboardStateHandler.cpp" />
    <ClCompile Include="src\Input\MouseStateHandler.cpp" />
    <ClCompile Include="src\Scenes\Scene.cpp" />
    <ClCompile Include="src\Scenes\SceneBehavior.cpp" />
    <ClCompile Include="src\Scenes\SceneBehaviorManager.cpp" />
    <ClCompile Include="src\Scenes\SceneLayer.cpp" />
    <ClCompile Include="src\Scenes\SceneRenderSystem.cpp" />
    <ClCompile Include="src\Scenes\SceneUpdateSystem.cpp" />
    <ClCompile Include="src\Services\Service.cpp" />
    <ClCompile Include="src\Services\ServiceLocator.cpp" />
    <ClCompile Include="src\Translations\TranslationService.cpp" />
    <ClCompile Include="src\TypeInformation\TypeCache.cpp" />
    <ClCompile Include="src\TypeInformation\TypeInfo.cpp" />
    <ClCompile Include="src\Utils\Errors\Result.cpp" />
    <ClCompile Include="src\Utils\Events\EventHandler.cpp" />
    <ClCompile Include="src\Utils\Math\PointI.cpp" />
    <ClCompile Include="src\Utils\Math\RectangleF.cpp" />
    <ClCompile Include="src\Utils\Math\RectangleI.cpp" />
    <ClCompile Include="src\Utils\BackgroundTask.cpp" />
    <ClCompile Include="src\Utils\File.cpp" />
    <ClCompile Include="src\Utils\GameHandler.cpp" />
    <ClCompile Include="src\Utils\SimpleCSV.cpp" />
    <ClCompile Include="src\Utils\StringUtils.cpp" />
    <ClCompile Include="src\Utils\Timer.cpp" />
    <ClCompile Include="src\Scenes\SceneManagerService.cpp" />
    <ClCompile Include="src\Components\Graphics\SpriteComponent.cpp" />
    <ClCompile Include="src\Components\Graphics\SpriteDrawableComponent.cpp" />
    <ClCompile Include="src\TypeInformation\BaseTypesDeclarations.cpp" />
    <ClCompile Include="..\libs\pugixml\src\pugixml.cpp" />
    <ClCompile Include="..\libs\simpleini\ConvertUTF.c" />
    <ClCompile Include="src\Components\Graphics\AnimationComponent.cpp" />
    <ClCompile Include="src\Components\Graphics\AnimationDrawableComponent.cpp" />
    <ClCompile Include="src\Components\Graphics\AnimationFactory\Animation.cpp" />
    <ClCompile Include="src\Components\Graphics\AnimationFactory\XMLSpritesheetAnimationFactory.cpp" />
    <ClCompile Include="src\Components\Management\ObjectPoolComponent.cpp" />
    <ClCompile Include="src\Components\Interactions\ColliderComponent.cpp" />
  </ItemGroup>
  <ItemGroup>
    <ClInclude Include="src\AppImplementations\SDLEvents\Mappers\KeyboardEventMapper.h" />
    <ClInclude Include="src\AppImplementations\SDLEvents\Mappers\MouseEventsMapper.h" />
    <ClInclude Include="src\AppImplementations\SDLEvents\Mappers\WindowEventsMapper.h" />
    <ClInclude Include="src\AppImplementations\SDLEvents\SDLEventMapper.h" />
    <ClInclude Include="src\AppImplementations\SDLEvents\SDLEventsMapperService.h" />
    <ClInclude Include="src\Audio\MusicService.h" />
    <ClInclude Include="src\Audio\SoundService.h" />
    <ClInclude Include="src\ComponentModel\Component.h" />
    <ClInclude Include="src\ComponentModel\DrawableComponent.h" />
    <ClInclude Include="src\ComponentModel\GameObject.h" />
    <ClInclude Include="src\ComponentModel\GameObjectFilterFunctions.h" />
    <ClInclude Include="src\ComponentModel\GameObjectManager.h" />
    <ClInclude Include="src\ComponentModel\UpdateableComponent.h" />
    <ClInclude Include="src\Components\Graphics\Transform.h" />
    <ClInclude Include="src\Config\ActionsConfig.h" />
    <ClInclude Include="src\Config\AudioConfig.h" />
    <ClInclude Include="src\Config\ConfigSection.h" />
    <ClInclude Include="src\Config\ConfigurationService.h" />
    <ClInclude Include="src\Config\GraphicConfig.h" />
    <ClInclude Include="src\Config\LanguageConfig.h" />
    <ClInclude Include="src\ContentManagement\DefaultAssets\Bitmap.h" />
    <ClInclude Include="src\ContentManagement\DefaultAssets\Mp3Sound.h" />
    <ClInclude Include="src\ContentManagement\DefaultAssets\OggSound.h" />
    <ClInclude Include="src\ContentManagement\DefaultAssets\Shader.h" />
    <ClInclude Include="src\ContentManagement\DefaultAssets\ShaderProgram.h" />
    <ClInclude Include="src\ContentManagement\DefaultAssets\Sound.h" />
    <ClInclude Include="src\ContentManagement\DefaultAssets\Texture.h" />
    <ClInclude Include="src\ContentManagement\DefaultAssets\TTFont.h" />
    <ClInclude Include="src\ContentManagement\DefaultAssets\WavSound.h" />
    <ClInclude Include="src\ContentManagement\Asset.h" />
    <ClInclude Include="src\ContentManagement\AssetPath.h" />
    <ClInclude Include="src\ContentManagement\AssetTypes.h" />
    <ClInclude Include="src\ContentManagement\ContentManagerService.h" />
    <ClInclude Include="src\Graphics\Shaders\StandardFontShader.h" />
    <ClInclude Include="src\Graphics\Shaders\StandardTextureShader.h" />
    <ClInclude Include="src\Graphics\Camera.h" />
    <ClInclude Include="src\Graphics\Color.h" />
    <ClInclude Include="src\Graphics\GraphicDevice.h" />
    <ClInclude Include="src\Graphics\Renderer.h" />
    <ClInclude Include="src\Graphics\RenderTarget.h" />
    <ClInclude Include="src\Graphics\SamplerState.h" />
    <ClInclude Include="src\Graphics\SpriteBatch.h" />
    <ClInclude Include="src\Input\InputDefines.h" />
    <ClInclude Include="src\Input\InputService.h" />
    <ClInclude Include="src\Input\KeyboardStateHandler.h" />
    <ClInclude Include="src\Input\MouseStateHandler.h" />
    <ClInclude Include="src\Scenes\Scene.h" />
    <ClInclude Include="src\Scenes\SceneBehavior.h" />
    <ClInclude Include="src\Scenes\SceneBehaviorManager.h" />
    <ClInclude Include="src\Scenes\SceneLayer.h" />
    <ClInclude Include="src\Scenes\SceneRenderSystem.h" />
    <ClInclude Include="src\Scenes\SceneUpdateSystem.h" />
    <ClInclude Include="src\Services\Service.h" />
    <ClInclude Include="src\Services\ServiceLocator.h" />
    <ClInclude Include="src\Translations\TFunction.h" />
    <ClInclude Include="src\Translations\TranslationService.h" />
    <ClInclude Include="src\TypeInformation\TypeCache.h" />
    <ClInclude Include="src\TypeInformation\TypeIdHelper.h" />
    <ClInclude Include="src\TypeInformation\TypeInfo.h" />
    <ClInclude Include="src\TypeInformation\TypeMetaInfo.h" />
    <ClInclude Include="src\Utils\Errors\Result.h" />
    <ClInclude Include="src\Utils\Events\EventArgs.h" />
    <ClInclude Include="src\Utils\Events\EventHandler.h" />
    <ClInclude Include="src\Utils\Macros\PropertyMacro.h" />
    <ClInclude Include="src\Utils\Math\MathTypes.h" />
    <ClInclude Include="src\Utils\Math\PointI.h" />
    <ClInclude Include="src\Utils\Math\RectangleF.h" />
    <ClInclude Include="src\Utils\Math\RectangleI.h" />
    <ClInclude Include="src\Utils\BackgroundTask.h" />
    <ClInclude Include="src\Utils\File.h" />
    <ClInclude Include="src\Utils\GameHandler.h" />
    <ClInclude Include="src\Utils\Log.h" />
    <ClInclude Include="src\Utils\SimpleCSV.h" />
    <ClInclude Include="src\Utils\StringUtils.h" />
    <ClInclude Include="src\Utils\Timer.h" />
    <ClInclude Include="src\AppImplementations\WindowApp.h" />
    <ClInclude Include="src\AppImplementations\App.h" />
    <ClInclude Include="src\Scenes\SceneManagerService.h" />
    <ClInclude Include="src\Components\Graphics\SpriteComponent.h" />
    <ClInclude Include="src\Components\Graphics\SpriteDrawableComponent.h" />
    <ClInclude Include="src\TypeInformation\BaseTypesDefinitions.h" />
    <ClInclude Include="..\libs\pugixml\src\pugiconfig.hpp" />
    <ClInclude Include="..\libs\pugixml\src\pugixml.hpp" />
    <ClInclude Include="..\libs\simpleini\ConvertUTF.h" />
    <ClInclude Include="..\libs\simpleini\SimpleIni.h" />
    <ClInclude Include="src\Components\Graphics\AnimationComponent.h" />
    <ClInclude Include="src\Components\Graphics\AnimationDrawableComponent.h" />
    <ClInclude Include="src\Components\Graphics\AnimationFactory\Animation.h" />
    <ClInclude Include="src\Components\Graphics\AnimationFactory\XMLSpritesheetAnimationFactory.h" />
    <ClInclude Include="src\Components\Management\ObjectPoolComponent.h" />
    <ClInclude Include="src\Components\Interactions\ColliderComponent.h" />
  </ItemGroup>
</Project>