<?xml version="1.0" encoding="utf-8"?>
<Project ToolsVersion="4.0" xmlns="http://schemas.microsoft.com/developer/msbuild/2003">
  <ItemGroup>
    <Filter Include="ComponentModel">
      <UniqueIdentifier>{f6bb39c8-f26b-42b7-9366-b2d6d9d891c7}</UniqueIdentifier>
    </Filter>
    <Filter Include="AppImplementations">
      <UniqueIdentifier>{3e26cc7b-b054-48bb-9e0c-5bc30ebdd84a}</UniqueIdentifier>
    </Filter>
    <Filter Include="Utils">
      <UniqueIdentifier>{8543d60f-f179-49ff-b1a2-56bc88b16c48}</UniqueIdentifier>
    </Filter>
    <Filter Include="Services">
      <UniqueIdentifier>{90ef8b2c-5f9c-4623-ba25-f7940465c1d5}</UniqueIdentifier>
    </Filter>
    <Filter Include="TypeInformation">
      <UniqueIdentifier>{62b58194-cdb6-4b39-8bd9-032e822385e6}</UniqueIdentifier>
    </Filter>
    <Filter Include="Graphics">
      <UniqueIdentifier>{09fbc4de-4ee6-4e1f-b127-8b08057e1ae6}</UniqueIdentifier>
    </Filter>
    <Filter Include="Scenes">
      <UniqueIdentifier>{93d97387-e984-442e-afe3-5bfa31c53ed3}</UniqueIdentifier>
    </Filter>
    <Filter Include="Utils\Events">
      <UniqueIdentifier>{2a005ed5-4b17-4826-b003-c92c6ec79402}</UniqueIdentifier>
    </Filter>
    <Filter Include="ContentManagement">
      <UniqueIdentifier>{f25a9849-611f-4073-ab80-1d826eada208}</UniqueIdentifier>
    </Filter>
    <Filter Include="ContentManagement\DefaultAssets">
      <UniqueIdentifier>{8195b17b-535c-439b-a05f-e750a150808c}</UniqueIdentifier>
    </Filter>
    <Filter Include="Utils\ThirdParty">
      <UniqueIdentifier>{8d42b9b8-2c53-4a31-b669-04112e3100d8}</UniqueIdentifier>
    </Filter>
    <Filter Include="Utils\ThirdParty\Ini">
      <UniqueIdentifier>{c3b0475f-52d3-4819-9302-48a58c8e81e8}</UniqueIdentifier>
    </Filter>
    <Filter Include="AppImplementations\SDLEvents">
      <UniqueIdentifier>{8df4674f-831b-46a1-9a77-1ea6b4633c44}</UniqueIdentifier>
    </Filter>
    <Filter Include="AppImplementations\SDLEvents\Mappers">
      <UniqueIdentifier>{b829d1ae-ce46-4036-a99f-18bef45d999d}</UniqueIdentifier>
    </Filter>
    <Filter Include="Input">
      <UniqueIdentifier>{b935c125-1bb3-4934-8385-59398448ef0a}</UniqueIdentifier>
    </Filter>
    <Filter Include="Audio">
      <UniqueIdentifier>{986954f0-6067-4fe7-a9ef-1c7ea48c498b}</UniqueIdentifier>
    </Filter>
    <Filter Include="Utils\Math">
      <UniqueIdentifier>{69c7298e-3a8b-4a82-b33d-8f3f36659fba}</UniqueIdentifier>
    </Filter>
    <Filter Include="Utils\Macros">
      <UniqueIdentifier>{e598848e-3a26-4fc4-aca8-9136c22a45c2}</UniqueIdentifier>
    </Filter>
    <Filter Include="Components">
      <UniqueIdentifier>{b45ed96b-9265-4a83-921d-b439fd60de05}</UniqueIdentifier>
    </Filter>
    <Filter Include="Components\Graphics">
      <UniqueIdentifier>{8094b7f8-6f3e-49dd-9ef4-95cd82f3fc15}</UniqueIdentifier>
    </Filter>
    <Filter Include="Utils\Errors">
      <UniqueIdentifier>{96eba5c8-c413-4866-944e-30dac3ab8525}</UniqueIdentifier>
    </Filter>
    <Filter Include="Config">
      <UniqueIdentifier>{edda4e0f-519c-4b47-ae1c-9beb6445e315}</UniqueIdentifier>
    </Filter>
  </ItemGroup>
  <ItemGroup>
    <ClInclude Include="src\ComponentModel\GameObject.h">
      <Filter>ComponentModel</Filter>
    </ClInclude>
    <ClInclude Include="src\AppImplementations\App.h">
      <Filter>AppImplementations</Filter>
    </ClInclude>
    <ClInclude Include="src\AppImplementations\WindowApp.h">
      <Filter>AppImplementations</Filter>
    </ClInclude>
    <ClInclude Include="src\Utils\Timer.h">
      <Filter>Utils</Filter>
    </ClInclude>
    <ClInclude Include="src\Utils\GameHandler.h">
      <Filter>Utils</Filter>
    </ClInclude>
    <ClInclude Include="src\Services\ServiceLocator.h">
      <Filter>Services</Filter>
    </ClInclude>
    <ClInclude Include="src\Services\Service.h">
      <Filter>Services</Filter>
    </ClInclude>
    <ClInclude Include="src\ComponentModel\Component.h">
      <Filter>ComponentModel</Filter>
    </ClInclude>
    <ClInclude Include="src\ComponentModel\GameObjectManager.h">
      <Filter>ComponentModel</Filter>
    </ClInclude>
    <ClInclude Include="src\TypeInformation\TypeCache.h">
      <Filter>TypeInformation</Filter>
    </ClInclude>
    <ClInclude Include="src\TypeInformation\TypeIdHelper.h">
      <Filter>TypeInformation</Filter>
    </ClInclude>
    <ClInclude Include="src\TypeInformation\TypeInfo.h">
      <Filter>TypeInformation</Filter>
    </ClInclude>
    <ClInclude Include="src\TypeInformation\BaseTypesDefinitions.h">
      <Filter>TypeInformation</Filter>
    </ClInclude>
    <ClInclude Include="src\TypeInformation\TypeMetaInfo.h">
      <Filter>TypeInformation</Filter>
    </ClInclude>
    <ClInclude Include="src\ComponentModel\UpdateableComponent.h">
      <Filter>ComponentModel</Filter>
    </ClInclude>
    <ClInclude Include="src\Graphics\Renderer.h">
      <Filter>Graphics</Filter>
    </ClInclude>
    <ClInclude Include="src\ComponentModel\DrawableComponent.h">
      <Filter>ComponentModel</Filter>
    </ClInclude>
    <ClInclude Include="src\Scenes\Scene.h">
      <Filter>Scenes</Filter>
    </ClInclude>
    <ClInclude Include="src\Scenes\SceneManager.h">
      <Filter>Scenes</Filter>
    </ClInclude>
    <ClInclude Include="src\ComponentModel\GameObjectFilterFunctions.h">
      <Filter>ComponentModel</Filter>
    </ClInclude>
    <ClInclude Include="src\Utils\Events\EventHandler.h">
      <Filter>Utils\Events</Filter>
    </ClInclude>
    <ClInclude Include="src\Utils\Events\EventArgs.h">
      <Filter>Utils\Events</Filter>
    </ClInclude>
    <ClInclude Include="src\ContentManagement\Asset.h">
      <Filter>ContentManagement</Filter>
    </ClInclude>
    <ClInclude Include="src\ContentManagement\AssetPath.h">
      <Filter>ContentManagement</Filter>
    </ClInclude>
    <ClInclude Include="src\ContentManagement\AssetTypes.h">
      <Filter>ContentManagement</Filter>
    </ClInclude>
    <ClInclude Include="src\ContentManagement\ContentManagerService.h">
      <Filter>ContentManagement</Filter>
    </ClInclude>
    <ClInclude Include="src\ContentManagement\DefaultAssets\WavSound.h">
      <Filter>ContentManagement\DefaultAssets</Filter>
    </ClInclude>
    <ClInclude Include="src\ContentManagement\DefaultAssets\Texture.h">
      <Filter>ContentManagement\DefaultAssets</Filter>
    </ClInclude>
    <ClInclude Include="src\ContentManagement\DefaultAssets\Sound.h">
      <Filter>ContentManagement\DefaultAssets</Filter>
    </ClInclude>
    <ClInclude Include="src\ContentManagement\DefaultAssets\ShaderProgram.h">
      <Filter>ContentManagement\DefaultAssets</Filter>
    </ClInclude>
    <ClInclude Include="src\ContentManagement\DefaultAssets\Shader.h">
      <Filter>ContentManagement\DefaultAssets</Filter>
    </ClInclude>
    <ClInclude Include="src\ContentManagement\DefaultAssets\Mp3Sound.h">
      <Filter>ContentManagement\DefaultAssets</Filter>
    </ClInclude>
    <ClInclude Include="src\ContentManagement\DefaultAssets\OggSound.h">
      <Filter>ContentManagement\DefaultAssets</Filter>
    </ClInclude>
    <ClInclude Include="src\ContentManagement\DefaultAssets\Bitmap.h">
      <Filter>ContentManagement\DefaultAssets</Filter>
    </ClInclude>
    <ClInclude Include="..\libs\simpleini\ConvertUTF.h">
      <Filter>Utils\ThirdParty\Ini</Filter>
    </ClInclude>
    <ClInclude Include="..\libs\simpleini\SimpleIni.h">
      <Filter>Utils\ThirdParty\Ini</Filter>
    </ClInclude>
    <ClInclude Include="src\Graphics\Color.h">
      <Filter>Graphics</Filter>
    </ClInclude>
    <ClInclude Include="src\Graphics\GraphicDevice.h">
      <Filter>Graphics</Filter>
    </ClInclude>
    <ClInclude Include="src\AppImplementations\SDLEvents\SDLEventsMapperService.h">
      <Filter>AppImplementations\SDLEvents</Filter>
    </ClInclude>
    <ClInclude Include="src\AppImplementations\SDLEvents\SDLEventMapper.h">
      <Filter>AppImplementations\SDLEvents</Filter>
    </ClInclude>
    <ClInclude Include="src\AppImplementations\SDLEvents\Mappers\KeyboardEventMapper.h">
      <Filter>AppImplementations\SDLEvents\Mappers</Filter>
    </ClInclude>
    <ClInclude Include="src\AppImplementations\SDLEvents\Mappers\MouseEventsMapper.h">
      <Filter>AppImplementations\SDLEvents\Mappers</Filter>
    </ClInclude>
    <ClInclude Include="src\AppImplementations\SDLEvents\Mappers\WindowEventsMapper.h">
      <Filter>AppImplementations\SDLEvents\Mappers</Filter>
    </ClInclude>
    <ClInclude Include="src\Graphics\RenderTarget.h">
      <Filter>Graphics</Filter>
    </ClInclude>
    <ClInclude Include="src\Graphics\SpriteBatch.h">
      <Filter>Graphics</Filter>
    </ClInclude>
    <ClInclude Include="src\Graphics\SamplerState.h">
      <Filter>Graphics</Filter>
    </ClInclude>
    <ClInclude Include="src\Input\MouseStateHandler.h">
      <Filter>Input</Filter>
    </ClInclude>
    <ClInclude Include="src\Input\KeyboardStateHandler.h">
      <Filter>Input</Filter>
    </ClInclude>
    <ClInclude Include="src\Input\InputService.h">
      <Filter>Input</Filter>
    </ClInclude>
    <ClInclude Include="src\Input\InputDefines.h">
      <Filter>Scenes</Filter>
    </ClInclude>
    <ClInclude Include="src\Scenes\SceneRenderSystem.h">
      <Filter>Scenes</Filter>
    </ClInclude>
    <ClInclude Include="src\Scenes\SceneLayer.h">
      <Filter>Scenes</Filter>
    </ClInclude>
    <ClInclude Include="src\Scenes\SceneBehaviorManager.h">
      <Filter>Scenes</Filter>
    </ClInclude>
    <ClInclude Include="src\Scenes\SceneBehavior.h">
      <Filter>Scenes</Filter>
    </ClInclude>
    <ClInclude Include="src\Scenes\SceneUpdateSystem.h">
      <Filter>Scenes</Filter>
    </ClInclude>
    <ClInclude Include="src\Utils\File.h">
      <Filter>Utils</Filter>
    </ClInclude>
    <ClInclude Include="src\Utils\Log.h">
      <Filter>Utils</Filter>
    </ClInclude>
    <ClInclude Include="src\Utils\Math\MathTypes.h">
      <Filter>Utils\Math</Filter>
    </ClInclude>
    <ClInclude Include="src\Utils\Math\RectangleF.h">
      <Filter>Utils\Math</Filter>
    </ClInclude>
    <ClInclude Include="src\Utils\Macros\PropertyMacro.h">
      <Filter>Utils\Macros</Filter>
    </ClInclude>
    <ClInclude Include="src\Utils\Errors\Result.h">
      <Filter>Utils\Errors</Filter>
    </ClInclude>
    <ClInclude Include="src\Components\Graphics\Sprite.h">
      <Filter>Components\Graphics</Filter>
    </ClInclude>
    <ClInclude Include="src\Components\Graphics\SpriteDrawable.h">
      <Filter>Components\Graphics</Filter>
    </ClInclude>
    <ClInclude Include="src\Components\Graphics\Transform.h">
      <Filter>Components\Graphics</Filter>
    </ClInclude>
    <ClInclude Include="src\Config\ConfigSection.h">
      <Filter>Config</Filter>
    </ClInclude>
    <ClInclude Include="src\Config\AudioConfig.h">
      <Filter>Config</Filter>
    </ClInclude>
    <ClInclude Include="src\Config\ActionsConfig.h">
      <Filter>Config</Filter>
    </ClInclude>
    <ClInclude Include="src\Audio\MusicService.h" />
    <ClInclude Include="src\Audio\SoundService.h" />
    <ClInclude Include="src\Config\GraphicConfig.h" />
    <ClInclude Include="src\Config\ConfigurationService.h" />
    <ClInclude Include="src\Utils\Math\RectangleI.h">
      <Filter>Utils\Math</Filter>
    </ClInclude>
    <ClInclude Include="src\Utils\Math\PointI.h">
      <Filter>Utils\Math</Filter>
    </ClInclude>
    <ClInclude Include="src\Graphics\Camera.h" />
  </ItemGroup>
  <ItemGroup>
    <ClCompile Include="src\ComponentModel\GameObject.cpp">
      <Filter>ComponentModel</Filter>
    </ClCompile>
    <ClCompile Include="src\AppImplementations\App.cpp">
      <Filter>AppImplementations</Filter>
    </ClCompile>
    <ClCompile Include="src\AppImplementations\WindowApp.cpp">
      <Filter>AppImplementations</Filter>
    </ClCompile>
    <ClCompile Include="src\Utils\Timer.cpp">
      <Filter>Utils</Filter>
    </ClCompile>
    <ClCompile Include="src\Utils\GameHandler.cpp">
      <Filter>Utils</Filter>
    </ClCompile>
    <ClCompile Include="src\Services\ServiceLocator.cpp">
      <Filter>Services</Filter>
    </ClCompile>
    <ClCompile Include="src\Services\Service.cpp">
      <Filter>Services</Filter>
    </ClCompile>
    <ClCompile Include="src\ComponentModel\Component.cpp">
      <Filter>ComponentModel</Filter>
    </ClCompile>
    <ClCompile Include="src\ComponentModel\GameObjectManager.cpp">
      <Filter>ComponentModel</Filter>
    </ClCompile>
    <ClCompile Include="src\TypeInformation\TypeCache.cpp">
      <Filter>TypeInformation</Filter>
    </ClCompile>
    <ClCompile Include="src\TypeInformation\TypeInfo.cpp">
      <Filter>TypeInformation</Filter>
    </ClCompile>
    <ClCompile Include="src\TypeInformation\BaseTypesDeclarations.cpp">
      <Filter>TypeInformation</Filter>
    </ClCompile>
    <ClCompile Include="src\ComponentModel\UpdateableComponent.cpp">
      <Filter>ComponentModel</Filter>
    </ClCompile>
    <ClCompile Include="src\Graphics\Renderer.cpp">
      <Filter>Graphics</Filter>
    </ClCompile>
    <ClCompile Include="src\ComponentModel\DrawableComponent.cpp">
      <Filter>ComponentModel</Filter>
    </ClCompile>
    <ClCompile Include="src\Scenes\Scene.cpp">
      <Filter>Scenes</Filter>
    </ClCompile>
    <ClCompile Include="src\Scenes\SceneManager.cpp">
      <Filter>Scenes</Filter>
    </ClCompile>
    <ClCompile Include="src\Utils\Events\EventHandler.cpp">
      <Filter>Utils\Events</Filter>
    </ClCompile>
    <ClCompile Include="src\ContentManagement\Asset.cpp">
      <Filter>ContentManagement</Filter>
    </ClCompile>
    <ClCompile Include="src\ContentManagement\AssetPath.cpp">
      <Filter>ContentManagement</Filter>
    </ClCompile>
    <ClCompile Include="src\ContentManagement\AssetTypes.cpp">
      <Filter>ContentManagement</Filter>
    </ClCompile>
    <ClCompile Include="src\ContentManagement\ContentManagerService.cpp">
      <Filter>ContentManagement</Filter>
    </ClCompile>
    <ClCompile Include="src\ContentManagement\DefaultAssets\WavSound.cpp">
      <Filter>ContentManagement\DefaultAssets</Filter>
    </ClCompile>
    <ClCompile Include="src\ContentManagement\DefaultAssets\Texture.cpp">
      <Filter>ContentManagement\DefaultAssets</Filter>
    </ClCompile>
    <ClCompile Include="src\ContentManagement\DefaultAssets\ShaderProgram.cpp">
      <Filter>ContentManagement\DefaultAssets</Filter>
    </ClCompile>
    <ClCompile Include="src\ContentManagement\DefaultAssets\Shader.cpp">
      <Filter>ContentManagement\DefaultAssets</Filter>
    </ClCompile>
    <ClCompile Include="src\ContentManagement\DefaultAssets\Mp3Sound.cpp">
      <Filter>ContentManagement\DefaultAssets</Filter>
    </ClCompile>
    <ClCompile Include="src\ContentManagement\DefaultAssets\OggSound.cpp">
      <Filter>ContentManagement\DefaultAssets</Filter>
    </ClCompile>
    <ClCompile Include="src\ContentManagement\DefaultAssets\Bitmap.cpp">
      <Filter>ContentManagement\DefaultAssets</Filter>
    </ClCompile>
    <ClCompile Include="..\libs\simpleini\ConvertUTF.c">
      <Filter>Utils\ThirdParty\Ini</Filter>
    </ClCompile>
    <ClCompile Include="src\AppImplementations\SDLEvents\SDLEventsMapperService.cpp">
      <Filter>AppImplementations\SDLEvents</Filter>
    </ClCompile>
    <ClCompile Include="src\AppImplementations\SDLEvents\SDLEventMapper.cpp">
      <Filter>AppImplementations\SDLEvents</Filter>
    </ClCompile>
    <ClCompile Include="src\AppImplementations\SDLEvents\Mappers\KeyboardEventMapper.cpp">
      <Filter>AppImplementations\SDLEvents\Mappers</Filter>
    </ClCompile>
    <ClCompile Include="src\AppImplementations\SDLEvents\Mappers\MouseEventsMapper.cpp">
      <Filter>AppImplementations\SDLEvents\Mappers</Filter>
    </ClCompile>
    <ClCompile Include="src\AppImplementations\SDLEvents\Mappers\WindowEventsMapper.cpp">
      <Filter>AppImplementations\SDLEvents\Mappers</Filter>
    </ClCompile>
    <ClCompile Include="src\Graphics\RenderTarget.cpp">
      <Filter>Graphics</Filter>
    </ClCompile>
    <ClCompile Include="src\Graphics\SpriteBatch.cpp">
      <Filter>Graphics</Filter>
    </ClCompile>
    <ClCompile Include="src\Graphics\SamplerState.cpp">
      <Filter>Graphics</Filter>
    </ClCompile>
    <ClCompile Include="src\Input\MouseStateHandler.cpp">
      <Filter>Input</Filter>
    </ClCompile>
    <ClCompile Include="src\Input\KeyboardStateHandler.cpp">
      <Filter>Input</Filter>
    </ClCompile>
    <ClCompile Include="src\Input\InputService.cpp">
      <Filter>Input</Filter>
    </ClCompile>
    <ClCompile Include="src\Scenes\SceneUpdateSystem.cpp">
      <Filter>Scenes</Filter>
    </ClCompile>
    <ClCompile Include="src\Scenes\SceneRenderSystem.cpp">
      <Filter>Scenes</Filter>
    </ClCompile>
    <ClCompile Include="src\Scenes\SceneLayer.cpp">
      <Filter>Scenes</Filter>
    </ClCompile>
    <ClCompile Include="src\Scenes\SceneBehaviorManager.cpp">
      <Filter>Scenes</Filter>
    </ClCompile>
    <ClCompile Include="src\Scenes\SceneBehavior.cpp">
      <Filter>Scenes</Filter>
    </ClCompile>
    <ClCompile Include="src\Utils\File.cpp">
      <Filter>Utils</Filter>
    </ClCompile>
    <ClCompile Include="src\Utils\Math\RectangleF.cpp">
      <Filter>Utils\Math</Filter>
    </ClCompile>
    <ClCompile Include="src\Utils\Errors\Result.cpp">
      <Filter>Utils\Errors</Filter>
    </ClCompile>
    <ClCompile Include="src\Components\Graphics\Sprite.cpp">
      <Filter>Components\Graphics</Filter>
    </ClCompile>
    <ClCompile Include="src\Components\Graphics\SpriteDrawable.cpp">
      <Filter>Components\Graphics</Filter>
    </ClCompile>
    <ClCompile Include="src\Components\Graphics\Transform.cpp">
      <Filter>Components\Graphics</Filter>
    </ClCompile>
    <ClCompile Include="src\Config\ConfigSection.cpp">
      <Filter>Config</Filter>
    </ClCompile>
    <ClCompile Include="src\Config\AudioConfig.cpp">
      <Filter>Config</Filter>
    </ClCompile>
    <ClCompile Include="src\Config\ActionsConfig.cpp">
      <Filter>Config</Filter>
    </ClCompile>
    <ClCompile Include="src\Audio\MusicService.cpp" />
    <ClCompile Include="src\Audio\SoundService.cpp" />
    <ClCompile Include="src\Config\ConfigurationService.cpp" />
    <ClCompile Include="src\Config\GraphicConfig.cpp" />
    <ClCompile Include="src\Utils\Math\RectangleI.cpp">
      <Filter>Utils\Math</Filter>
    </ClCompile>
    <ClCompile Include="src\Utils\Math\PointI.cpp">
      <Filter>Utils\Math</Filter>
    </ClCompile>
    <ClCompile Include="src\Graphics\Camera.cpp" />
  </ItemGroup>
  <ItemGroup>
    <Text Include="ReadMe.txt" />
  </ItemGroup>
</Project>