<?xml version="1.0" encoding="utf-8"?>
<Project ToolsVersion="4.0" xmlns="http://schemas.microsoft.com/developer/msbuild/2003">
  <ItemGroup>
    <ClCompile Include="..\libs\googletest\googletest\src\gtest_main.cc" />
    <ClCompile Include="..\libs\googletest\googletest\src\gtest-all.cc" />
    <ClCompile Include="GameObjectBaseFunctionsTest.cc">
      <Filter>GameObjectTest</Filter>
    </ClCompile>
    <ClCompile Include="TypeIdHelperTest.cc">
      <Filter>Utils</Filter>
    </ClCompile>
    <ClCompile Include="GameObjectComponentModelTest.cc">
      <Filter>GameObjectTest</Filter>
    </ClCompile>
    <ClCompile Include="TestTypes.cpp">
      <Filter>GameObjectTest</Filter>
    </ClCompile>
    <ClCompile Include="TestTypesHierarhy.cpp">
      <Filter>Utils</Filter>
    </ClCompile>
    <ClCompile Include="GamObjectGraphTest.cc">
      <Filter>GameObjectTest</Filter>
    </ClCompile>
    <ClCompile Include="GameObjectLifetimeTest.cc">
      <Filter>GameObjectTest</Filter>
    </ClCompile>
    <ClCompile Include="GameObjectManagerTest.cpp">
      <Filter>GameObjectManager</Filter>
    </ClCompile>
    <ClCompile Include="TestComponents.cpp">
      <Filter>GameObjectManager</Filter>
    </ClCompile>
    <ClCompile Include="EventHandlingTest.cc">
      <Filter>Utils</Filter>
    </ClCompile>
    <ClCompile Include="RectangleTest.cc">
      <Filter>Utils</Filter>
    </ClCompile>
    <ClCompile Include="ShaderProgramTest.cc">
      <Filter>AssetsTest</Filter>
    </ClCompile>
    <ClCompile Include="ShaderTest.cpp">
      <Filter>AssetsTest</Filter>
    </ClCompile>
    <ClCompile Include="PropertyMacroTest.cc">
      <Filter>Utils</Filter>
    </ClCompile>
    <ClCompile Include="TextureTest.cc">
      <Filter>AssetsTest</Filter>
    </ClCompile>
    <ClCompile Include="RenderTargetTest.cpp">
      <Filter>Graphics</Filter>
    </ClCompile>
  </ItemGroup>
  <ItemGroup>
    <Filter Include="GameObjectTest">
      <UniqueIdentifier>{c2a18723-7170-438e-9d78-69317c990eea}</UniqueIdentifier>
    </Filter>
    <Filter Include="Utils">
      <UniqueIdentifier>{8df00269-1e0d-47b8-84b0-02356491b0ca}</UniqueIdentifier>
    </Filter>
    <Filter Include="GameObjectManager">
      <UniqueIdentifier>{92f7097c-c9c3-4529-b15e-26acfa710df2}</UniqueIdentifier>
    </Filter>
    <Filter Include="AssetsTest">
      <UniqueIdentifier>{caacaba1-ff0d-4dc9-ac64-bc441594b440}</UniqueIdentifier>
    </Filter>
    <Filter Include="Graphics">
      <UniqueIdentifier>{eb1dfbf6-ca36-4dd7-af55-a2a21695063c}</UniqueIdentifier>
    </Filter>
  </ItemGroup>
  <ItemGroup>
    <ClInclude Include="TestTypes.h">
      <Filter>GameObjectTest</Filter>
    </ClInclude>
    <ClInclude Include="TestTypesHierarhy.h">
      <Filter>Utils</Filter>
    </ClInclude>
    <ClInclude Include="TestComponents.h">
      <Filter>GameObjectManager</Filter>
    </ClInclude>
    <ClInclude Include="TestScene.h">
      <Filter>GameObjectManager</Filter>
    </ClInclude>
    <ClInclude Include="EventTestData.h">
      <Filter>Utils</Filter>
    </ClInclude>
    <ClInclude Include="PropTestClass.h">
      <Filter>Utils</Filter>
    </ClInclude>
  </ItemGroup>
</Project>