<?xml version="1.0" encoding="utf-8"?>
<Project ToolsVersion="4.0" xmlns="http://schemas.microsoft.com/developer/msbuild/2003">
  <ItemGroup>
    <ClCompile Include="..\libs\googletest\googletest\src\gtest_main.cc" />
    <ClCompile Include="..\libs\googletest\googletest\src\gtest-all.cc" />
    <ClCompile Include="src\Assets\ShaderProgramTest.cc" />
    <ClCompile Include="src\Assets\ShaderTest.cc" />
    <ClCompile Include="src\Assets\TextureTest.cc" />
    <ClCompile Include="src\Graphics\RenderTargetTest.cc" />
    <ClCompile Include="src\Services\ConfigurationServiceTest.cc" />
    <ClCompile Include="src\Services\TranslationServiceTest.cc" />
    <ClCompile Include="src\TypeSystem\TestComponents.cc" />
    <ClCompile Include="src\TypeSystem\TestTypes.cpp" />
    <ClCompile Include="src\TypeSystem\TestTypesHierarhy.cc" />
    <ClCompile Include="src\TypeSystem\TypeIdHelperTest.cc" />
    <ClCompile Include="src\Utils\PropertyMacroTest.cc" />
    <ClCompile Include="src\Utils\RectangleTest.cc" />
    <ClCompile Include="src\Utils\EventHandlingTest.cc" />
    <ClCompile Include="src\GameObject\GameObjectBaseFunctionsTest.cc" />
    <ClCompile Include="src\GameObject\GameObjectComponentModelTest.cc" />
    <ClCompile Include="src\GameObject\GameObjectLifetimeTest.cc" />
    <ClCompile Include="src\GameObject\GameObjectManagerTest.cc" />
    <ClCompile Include="src\GameObject\GamObjectGraphTest.cc" />
    <ClCompile Include="src\Utils\SimpleCsvTest.cc" />
  </ItemGroup>
  <ItemGroup>
    <None Include="Debug\Content\test.csv" />
    <None Include="Debug\cfg.ini" />
    <None Include="cfg.ini" />
    <None Include="Content\test.csv" />
    <None Include="Content\Translations\translation.pl-PL.csv" />
    <None Include="Debug\Content\Translations\translation.pl-PL.csv" />
  </ItemGroup>
  <ItemGroup>
    <Image Include="Content\dot.png" />
  </ItemGroup>
  <ItemGroup>
    <ClInclude Include="src\Scenes\TestScene.h" />
    <ClInclude Include="src\TypeSystem\TestComponents.h" />
    <ClInclude Include="src\TypeSystem\TestTypes.h" />
    <ClInclude Include="src\TypeSystem\TestTypesHierarhy.h" />
    <ClInclude Include="src\Utils\PropTestClass.h" />
    <ClInclude Include="src\Utils\EventTestData.h" />
  </ItemGroup>
</Project>